
Microsoft Visual Studio Solution File, Format Version 12.00
# Visual Studio Version 17
VisualStudioVersion = 17.8.34322.80
MinimumVisualStudioVersion = 10.0.40219.1
Project("{9A19103F-16F7-4668-BE54-9A1E7A4F7556}") = "Void", "Void\Void.csproj", "{0841A0DC-13C4-404A-876C-A90CAC885595}"
EndProject
Project("{9A19103F-16F7-4668-BE54-9A1E7A4F7556}") = "DortIslem", "DortIslem\DortIslem.csproj", "{A71C0D40-5FCD-47FC-9BE4-B7BB88617B2E}"
EndProject
Project("{9A19103F-16F7-4668-BE54-9A1E7A4F7556}") = "MenuStrip", "MenuStrip\MenuStrip.csproj", "{66B673E5-42A1-4233-9152-E388B06A6610}"
EndProject
Project("{9A19103F-16F7-4668-BE54-9A1E7A4F7556}") = "ContextMenuStrip", "ContextMenuStrip\ContextMenuStrip.csproj", "{8CCEC7D9-783A-456B-9B02-719A15A43CAB}"
EndProject
Project("{9A19103F-16F7-4668-BE54-9A1E7A4F7556}") = "RandomClass", "RandomClass\RandomClass.csproj", "{259C5EE8-431B-448B-83C6-3FDEE5981085}"
EndProject
Project("{9A19103F-16F7-4668-BE54-9A1E7A4F7556}") = "Examples", "Examples\Examples.csproj", "{4B22C11E-82CB-4AED-B1C2-517B5ED6C47C}"
EndProject
Project("{9A19103F-16F7-4668-BE54-9A1E7A4F7556}") = "ConstructorMethod", "ConstructorMethod\ConstructorMethod.csproj", "{04340921-1DB8-4E6B-8FC6-43C4202E08DB}"
EndProject
Project("{9A19103F-16F7-4668-BE54-9A1E7A4F7556}") = "Captcha", "Captcha\Captcha.csproj", "{91D59F99-6A9B-45AA-8FE9-2042A9781F21}"
EndProject
Global
	GlobalSection(SolutionConfigurationPlatforms) = preSolution
		Debug|Any CPU = Debug|Any CPU
		Release|Any CPU = Release|Any CPU
	EndGlobalSection
	GlobalSection(ProjectConfigurationPlatforms) = postSolution
		{0841A0DC-13C4-404A-876C-A90CAC885595}.Debug|Any CPU.ActiveCfg = Debug|Any CPU
		{0841A0DC-13C4-404A-876C-A90CAC885595}.Debug|Any CPU.Build.0 = Debug|Any CPU
		{0841A0DC-13C4-404A-876C-A90CAC885595}.Release|Any CPU.ActiveCfg = Release|Any CPU
		{0841A0DC-13C4-404A-876C-A90CAC885595}.Release|Any CPU.Build.0 = Release|Any CPU
		{A71C0D40-5FCD-47FC-9BE4-B7BB88617B2E}.Debug|Any CPU.ActiveCfg = Debug|Any CPU
		{A71C0D40-5FCD-47FC-9BE4-B7BB88617B2E}.Debug|Any CPU.Build.0 = Debug|Any CPU
		{A71C0D40-5FCD-47FC-9BE4-B7BB88617B2E}.Release|Any CPU.ActiveCfg = Release|Any CPU
		{A71C0D40-5FCD-47FC-9BE4-B7BB88617B2E}.Release|Any CPU.Build.0 = Release|Any CPU
		{66B673E5-42A1-4233-9152-E388B06A6610}.Debug|Any CPU.ActiveCfg = Debug|Any CPU
		{66B673E5-42A1-4233-9152-E388B06A6610}.Debug|Any CPU.Build.0 = Debug|Any CPU
		{66B673E5-42A1-4233-9152-E388B06A6610}.Release|Any CPU.ActiveCfg = Release|Any CPU
		{66B673E5-42A1-4233-9152-E388B06A6610}.Release|Any CPU.Build.0 = Release|Any CPU
		{8CCEC7D9-783A-456B-9B02-719A15A43CAB}.Debug|Any CPU.ActiveCfg = Debug|Any CPU
		{8CCEC7D9-783A-456B-9B02-719A15A43CAB}.Debug|Any CPU.Build.0 = Debug|Any CPU
		{8CCEC7D9-783A-456B-9B02-719A15A43CAB}.Release|Any CPU.ActiveCfg = Release|Any CPU
		{8CCEC7D9-783A-456B-9B02-719A15A43CAB}.Release|Any CPU.Build.0 = Release|Any CPU
		{259C5EE8-431B-448B-83C6-3FDEE5981085}.Debug|Any CPU.ActiveCfg = Debug|Any CPU
		{259C5EE8-431B-448B-83C6-3FDEE5981085}.Debug|Any CPU.Build.0 = Debug|Any CPU
		{259C5EE8-431B-448B-83C6-3FDEE5981085}.Release|Any CPU.ActiveCfg = Release|Any CPU
		{259C5EE8-431B-448B-83C6-3FDEE5981085}.Release|Any CPU.Build.0 = Release|Any CPU
		{4B22C11E-82CB-4AED-B1C2-517B5ED6C47C}.Debug|Any CPU.ActiveCfg = Debug|Any CPU
		{4B22C11E-82CB-4AED-B1C2-517B5ED6C47C}.Debug|Any CPU.Build.0 = Debug|Any CPU
		{4B22C11E-82CB-4AED-B1C2-517B5ED6C47C}.Release|Any CPU.ActiveCfg = Release|Any CPU
		{4B22C11E-82CB-4AED-B1C2-517B5ED6C47C}.Release|Any CPU.Build.0 = Release|Any CPU
		{04340921-1DB8-4E6B-8FC6-43C4202E08DB}.Debug|Any CPU.ActiveCfg = Debug|Any CPU
		{04340921-1DB8-4E6B-8FC6-43C4202E08DB}.Debug|Any CPU.Build.0 = Debug|Any CPU
		{04340921-1DB8-4E6B-8FC6-43C4202E08DB}.Release|Any CPU.ActiveCfg = Release|Any CPU
		{04340921-1DB8-4E6B-8FC6-43C4202E08DB}.Release|Any CPU.Build.0 = Release|Any CPU
		{91D59F99-6A9B-45AA-8FE9-2042A9781F21}.Debug|Any CPU.ActiveCfg = Debug|Any CPU
		{91D59F99-6A9B-45AA-8FE9-2042A9781F21}.Debug|Any CPU.Build.0 = Debug|Any CPU
		{91D59F99-6A9B-45AA-8FE9-2042A9781F21}.Release|Any CPU.ActiveCfg = Release|Any CPU
		{91D59F99-6A9B-45AA-8FE9-2042A9781F21}.Release|Any CPU.Build.0 = Release|Any CPU
	EndGlobalSection
	GlobalSection(SolutionProperties) = preSolution
		HideSolutionNode = FALSE
	EndGlobalSection
	GlobalSection(ExtensibilityGlobals) = postSolution
		SolutionGuid = {3925CBE0-2F99-47C2-A1EC-8D4C96E6C057}
	EndGlobalSection
EndGlobal
